
Microsoft Visual Studio Solution File, Format Version 12.00
# Visual Studio Version 17
VisualStudioVersion = 17.7.34003.232
MinimumVisualStudioVersion = 10.0.40219.1
Project("{9A19103F-16F7-4668-BE54-9A1E7A4F7556}") = "Inventory.Services", "Inventory.Services\Inventory.Services.csproj", "{4A3425A6-ED83-48D2-A65D-50B474A76E7C}"
EndProject
Project("{9A19103F-16F7-4668-BE54-9A1E7A4F7556}") = "Inventory.Razor", "Inventory.Razor\Inventory.Razor.csproj", "{1D24C34F-87DB-4073-A0C5-C945D1606E1D}"
EndProject
Global
	GlobalSection(SolutionConfigurationPlatforms) = preSolution
		Debug|Any CPU = Debug|Any CPU
		Release|Any CPU = Release|Any CPU
	EndGlobalSection
	GlobalSection(ProjectConfigurationPlatforms) = postSolution
		{4A3425A6-ED83-48D2-A65D-50B474A76E7C}.Debug|Any CPU.ActiveCfg = Debug|Any CPU
		{4A3425A6-ED83-48D2-A65D-50B474A76E7C}.Debug|Any CPU.Build.0 = Debug|Any CPU
		{4A3425A6-ED83-48D2-A65D-50B474A76E7C}.Release|Any CPU.ActiveCfg = Release|Any CPU
		{4A3425A6-ED83-48D2-A65D-50B474A76E7C}.Release|Any CPU.Build.0 = Release|Any CPU
		{1D24C34F-87DB-4073-A0C5-C945D1606E1D}.Debug|Any CPU.ActiveCfg = Debug|Any CPU
		{1D24C34F-87DB-4073-A0C5-C945D1606E1D}.Debug|Any CPU.Build.0 = Debug|Any CPU
		{1D24C34F-87DB-4073-A0C5-C945D1606E1D}.Release|Any CPU.ActiveCfg = Release|Any CPU
		{1D24C34F-87DB-4073-A0C5-C945D1606E1D}.Release|Any CPU.Build.0 = Release|Any CPU
	EndGlobalSection
	GlobalSection(SolutionProperties) = preSolution
		HideSolutionNode = FALSE
	EndGlobalSection
	GlobalSection(ExtensibilityGlobals) = postSolution
		SolutionGuid = {719AF320-738B-46F5-B44C-58A0B32D6321}
	EndGlobalSection
EndGlobal
